
Microsoft Visual Studio Solution File, Format Version 12.00
# Visual Studio Version 17
VisualStudioVersion = 17.3.32825.248
MinimumVisualStudioVersion = 10.0.40219.1
Project("{FAE04EC0-301F-11D3-BF4B-00C04F79EFBC}") = "Lista2ex2", "Lista2ex2\Lista2ex2.csproj", "{50C3ED49-EA28-43AD-B9C1-BFE37AF0BA8F}"
EndProject
Global
	GlobalSection(SolutionConfigurationPlatforms) = preSolution
		Debug|Any CPU = Debug|Any CPU
		Release|Any CPU = Release|Any CPU
	EndGlobalSection
	GlobalSection(ProjectConfigurationPlatforms) = postSolution
		{50C3ED49-EA28-43AD-B9C1-BFE37AF0BA8F}.Debug|Any CPU.ActiveCfg = Debug|Any CPU
		{50C3ED49-EA28-43AD-B9C1-BFE37AF0BA8F}.Debug|Any CPU.Build.0 = Debug|Any CPU
		{50C3ED49-EA28-43AD-B9C1-BFE37AF0BA8F}.Release|Any CPU.ActiveCfg = Release|Any CPU
		{50C3ED49-EA28-43AD-B9C1-BFE37AF0BA8F}.Release|Any CPU.Build.0 = Release|Any CPU
	EndGlobalSection
	GlobalSection(SolutionProperties) = preSolution
		HideSolutionNode = FALSE
	EndGlobalSection
	GlobalSection(ExtensibilityGlobals) = postSolution
		SolutionGuid = {EFB80B5A-3A20-4DFD-9C70-FB8D575E8C50}
	EndGlobalSection
EndGlobal
