
Microsoft Visual Studio Solution File, Format Version 12.00
# Visual Studio Version 17
VisualStudioVersion = 17.3.32825.248
MinimumVisualStudioVersion = 10.0.40219.1
Project("{FAE04EC0-301F-11D3-BF4B-00C04F79EFBC}") = "Lista2ex4", "Lista2ex4\Lista2ex4.csproj", "{36144ED4-E0ED-4EC2-9387-494A25CC875B}"
EndProject
Global
	GlobalSection(SolutionConfigurationPlatforms) = preSolution
		Debug|Any CPU = Debug|Any CPU
		Release|Any CPU = Release|Any CPU
	EndGlobalSection
	GlobalSection(ProjectConfigurationPlatforms) = postSolution
		{36144ED4-E0ED-4EC2-9387-494A25CC875B}.Debug|Any CPU.ActiveCfg = Debug|Any CPU
		{36144ED4-E0ED-4EC2-9387-494A25CC875B}.Debug|Any CPU.Build.0 = Debug|Any CPU
		{36144ED4-E0ED-4EC2-9387-494A25CC875B}.Release|Any CPU.ActiveCfg = Release|Any CPU
		{36144ED4-E0ED-4EC2-9387-494A25CC875B}.Release|Any CPU.Build.0 = Release|Any CPU
	EndGlobalSection
	GlobalSection(SolutionProperties) = preSolution
		HideSolutionNode = FALSE
	EndGlobalSection
	GlobalSection(ExtensibilityGlobals) = postSolution
		SolutionGuid = {7F30E42E-38F8-4B4B-9483-15B730BA6504}
	EndGlobalSection
EndGlobal
