
Microsoft Visual Studio Solution File, Format Version 12.00
# Visual Studio Version 17
VisualStudioVersion = 17.9.34723.18
MinimumVisualStudioVersion = 10.0.40219.1
Project("{FAE04EC0-301F-11D3-BF4B-00C04F79EFBC}") = "Lista02ex09", "Lista02ex09\Lista02ex09.csproj", "{F742B6FC-3E0F-4AC6-82B9-4A5780B05421}"
EndProject
Global
	GlobalSection(SolutionConfigurationPlatforms) = preSolution
		Debug|Any CPU = Debug|Any CPU
		Release|Any CPU = Release|Any CPU
	EndGlobalSection
	GlobalSection(ProjectConfigurationPlatforms) = postSolution
		{F742B6FC-3E0F-4AC6-82B9-4A5780B05421}.Debug|Any CPU.ActiveCfg = Debug|Any CPU
		{F742B6FC-3E0F-4AC6-82B9-4A5780B05421}.Debug|Any CPU.Build.0 = Debug|Any CPU
		{F742B6FC-3E0F-4AC6-82B9-4A5780B05421}.Release|Any CPU.ActiveCfg = Release|Any CPU
		{F742B6FC-3E0F-4AC6-82B9-4A5780B05421}.Release|Any CPU.Build.0 = Release|Any CPU
	EndGlobalSection
	GlobalSection(SolutionProperties) = preSolution
		HideSolutionNode = FALSE
	EndGlobalSection
	GlobalSection(ExtensibilityGlobals) = postSolution
		SolutionGuid = {1F7F7A44-F8EC-4B83-87AC-33E9B248D218}
	EndGlobalSection
EndGlobal
